
Microsoft Visual Studio Solution File, Format Version 12.00
# Visual Studio Version 17
VisualStudioVersion = 17.10.34928.147
MinimumVisualStudioVersion = 10.0.40219.1
Project("{9A19103F-16F7-4668-BE54-9A1E7A4F7556}") = "Client", "Client\Client.csproj", "{546FF926-D288-43A1-BE29-9B1E5D339013}"
EndProject
Project("{9A19103F-16F7-4668-BE54-9A1E7A4F7556}") = "Server", "Server\Server.csproj", "{EE4B8535-5117-486D-BB09-A6FADC3BD486}"
EndProject
Global
	GlobalSection(SolutionConfigurationPlatforms) = preSolution
		Debug|Any CPU = Debug|Any CPU
		Release|Any CPU = Release|Any CPU
	EndGlobalSection
	GlobalSection(ProjectConfigurationPlatforms) = postSolution
		{546FF926-D288-43A1-BE29-9B1E5D339013}.Debug|Any CPU.ActiveCfg = Debug|Any CPU
		{546FF926-D288-43A1-BE29-9B1E5D339013}.Debug|Any CPU.Build.0 = Debug|Any CPU
		{546FF926-D288-43A1-BE29-9B1E5D339013}.Release|Any CPU.ActiveCfg = Release|Any CPU
		{546FF926-D288-43A1-BE29-9B1E5D339013}.Release|Any CPU.Build.0 = Release|Any CPU
		{EE4B8535-5117-486D-BB09-A6FADC3BD486}.Debug|Any CPU.ActiveCfg = Debug|Any CPU
		{EE4B8535-5117-486D-BB09-A6FADC3BD486}.Debug|Any CPU.Build.0 = Debug|Any CPU
		{EE4B8535-5117-486D-BB09-A6FADC3BD486}.Release|Any CPU.ActiveCfg = Release|Any CPU
		{EE4B8535-5117-486D-BB09-A6FADC3BD486}.Release|Any CPU.Build.0 = Release|Any CPU
	EndGlobalSection
	GlobalSection(SolutionProperties) = preSolution
		HideSolutionNode = FALSE
	EndGlobalSection
	GlobalSection(ExtensibilityGlobals) = postSolution
		SolutionGuid = {B5DA89FD-A649-4F84-8A75-CC284DFC98E5}
	EndGlobalSection
EndGlobal
